
Microsoft Visual Studio Solution File, Format Version 12.00
# Visual Studio Version 16
VisualStudioVersion = 16.0.30907.101
MinimumVisualStudioVersion = 10.0.40219.1
Project("{FAE04EC0-301F-11D3-BF4B-00C04F79EFBC}") = "JqueryDragAndDrop", "JqueryDragAndDrop\JqueryDragAndDrop.csproj", "{27DB542C-2B1B-446C-BB15-77CA2713BCEC}"
EndProject
Global
	GlobalSection(SolutionConfigurationPlatforms) = preSolution
		Debug|Any CPU = Debug|Any CPU
		Release|Any CPU = Release|Any CPU
	EndGlobalSection
	GlobalSection(ProjectConfigurationPlatforms) = postSolution
		{27DB542C-2B1B-446C-BB15-77CA2713BCEC}.Debug|Any CPU.ActiveCfg = Debug|Any CPU
		{27DB542C-2B1B-446C-BB15-77CA2713BCEC}.Debug|Any CPU.Build.0 = Debug|Any CPU
		{27DB542C-2B1B-446C-BB15-77CA2713BCEC}.Release|Any CPU.ActiveCfg = Release|Any CPU
		{27DB542C-2B1B-446C-BB15-77CA2713BCEC}.Release|Any CPU.Build.0 = Release|Any CPU
	EndGlobalSection
	GlobalSection(SolutionProperties) = preSolution
		HideSolutionNode = FALSE
	EndGlobalSection
	GlobalSection(ExtensibilityGlobals) = postSolution
		SolutionGuid = {4B8B414F-CAC4-4CF7-8BFE-40FFDB424DB0}
	EndGlobalSection
EndGlobal
